// !$*UTF8*$!
{
	archiveVersion = 1;
	classes = {
	};
	objectVersion = 56;
	objects = {

/* Begin PBXBuildFile section */
		0308032A2C8FE0B4002DEFBD /* AppDelegate.swift in Sources */ = {isa = PBXBuildFile; fileRef = 030803292C8FE0B4002DEFBD /* AppDelegate.swift */; };
		0308032C2C8FE0B4002DEFBD /* SceneDelegate.swift in Sources */ = {isa = PBXBuildFile; fileRef = 0308032B2C8FE0B4002DEFBD /* SceneDelegate.swift */; };
		030803332C8FE0B6002DEFBD /* Assets.xcassets in Resources */ = {isa = PBXBuildFile; fileRef = 030803322C8FE0B6002DEFBD /* Assets.xcassets */; };
		030803362C8FE0B6002DEFBD /* Base in Resources */ = {isa = PBXBuildFile; fileRef = 030803352C8FE0B6002DEFBD /* Base */; };
		030803482C8FE4EC002DEFBD /* category.json in Resources */ = {isa = PBXBuildFile; fileRef = 030803472C8FE4EC002DEFBD /* category.json */; };
		0308034C2C8FE55C002DEFBD /* SearchBarView.swift in Sources */ = {isa = PBXBuildFile; fileRef = 0308034B2C8FE55C002DEFBD /* SearchBarView.swift */; };
		0308034E2C8FE58E002DEFBD /* ProfileViewController.swift in Sources */ = {isa = PBXBuildFile; fileRef = 0308034D2C8FE58E002DEFBD /* ProfileViewController.swift */; };
		030803512C8FE5AA002DEFBD /* ProfileScreen.swift in Sources */ = {isa = PBXBuildFile; fileRef = 030803502C8FE5AA002DEFBD /* ProfileScreen.swift */; };
		030803532C8FE5F6002DEFBD /* MessageViewController.swift in Sources */ = {isa = PBXBuildFile; fileRef = 030803522C8FE5F6002DEFBD /* MessageViewController.swift */; };
		030803562C8FE60D002DEFBD /* MessageScreen.swift in Sources */ = {isa = PBXBuildFile; fileRef = 030803552C8FE60D002DEFBD /* MessageScreen.swift */; };
		030803582C8FE653002DEFBD /* TravelViewController.swift in Sources */ = {isa = PBXBuildFile; fileRef = 030803572C8FE653002DEFBD /* TravelViewController.swift */; };
		0308035B2C8FE668002DEFBD /* TravelScreen.swift in Sources */ = {isa = PBXBuildFile; fileRef = 0308035A2C8FE668002DEFBD /* TravelScreen.swift */; };
		0308035D2C8FE6BF002DEFBD /* FavoriteViewController.swift in Sources */ = {isa = PBXBuildFile; fileRef = 0308035C2C8FE6BF002DEFBD /* FavoriteViewController.swift */; };
		030803612C8FE6F5002DEFBD /* FavoriteScreen.swift in Sources */ = {isa = PBXBuildFile; fileRef = 030803602C8FE6F5002DEFBD /* FavoriteScreen.swift */; };
		030803632C8FE730002DEFBD /* MainTabBarController.swift in Sources */ = {isa = PBXBuildFile; fileRef = 030803622C8FE730002DEFBD /* MainTabBarController.swift */; };
		030803652C8FE78B002DEFBD /* ExploreViewModel.swift in Sources */ = {isa = PBXBuildFile; fileRef = 030803642C8FE78B002DEFBD /* ExploreViewModel.swift */; };
		030803672C8FE79D002DEFBD /* ExploreViewController.swift in Sources */ = {isa = PBXBuildFile; fileRef = 030803662C8FE79D002DEFBD /* ExploreViewController.swift */; };
		0308036C2C8FE7C9002DEFBD /* ExploreScreen.swift in Sources */ = {isa = PBXBuildFile; fileRef = 0308036B2C8FE7C9002DEFBD /* ExploreScreen.swift */; };
		0308036E2C8FE7EA002DEFBD /* CategoryImageCollectionViewCell.swift in Sources */ = {isa = PBXBuildFile; fileRef = 0308036D2C8FE7EA002DEFBD /* CategoryImageCollectionViewCell.swift */; };
		030803702C8FE7FE002DEFBD /* DestinationTableViewCell.swift in Sources */ = {isa = PBXBuildFile; fileRef = 0308036F2C8FE7FE002DEFBD /* DestinationTableViewCell.swift */; };
		030803722C8FE815002DEFBD /* CategoryCollectionViewCell.swift in Sources */ = {isa = PBXBuildFile; fileRef = 030803712C8FE815002DEFBD /* CategoryCollectionViewCell.swift */; };
		030803742C8FE830002DEFBD /* TravelCategory.swift in Sources */ = {isa = PBXBuildFile; fileRef = 030803732C8FE830002DEFBD /* TravelCategory.swift */; };
		030803762C8FE845002DEFBD /* PropertyDataModel.swift in Sources */ = {isa = PBXBuildFile; fileRef = 030803752C8FE845002DEFBD /* PropertyDataModel.swift */; };
		03230D282CA2797500544858 /* LoginViewController.swift in Sources */ = {isa = PBXBuildFile; fileRef = 03230D272CA2797500544858 /* LoginViewController.swift */; };
		03230D2C2CA2799F00544858 /* LoginViewModel.swift in Sources */ = {isa = PBXBuildFile; fileRef = 03230D2B2CA2799F00544858 /* LoginViewModel.swift */; };
		03230D2E2CA279C000544858 /* RegisterButtonView.swift in Sources */ = {isa = PBXBuildFile; fileRef = 03230D2D2CA279C000544858 /* RegisterButtonView.swift */; };
		03230D302CA279D600544858 /* LoginScreen.swift in Sources */ = {isa = PBXBuildFile; fileRef = 03230D2F2CA279D600544858 /* LoginScreen.swift */; };
		03230D332CA27A0C00544858 /* NetworkError.swift in Sources */ = {isa = PBXBuildFile; fileRef = 03230D322CA27A0C00544858 /* NetworkError.swift */; };
		03230D362CA27A2A00544858 /* HTTPMethod.swift in Sources */ = {isa = PBXBuildFile; fileRef = 03230D352CA27A2A00544858 /* HTTPMethod.swift */; };
		03230D392CA27A4600544858 /* Parameters.swift in Sources */ = {isa = PBXBuildFile; fileRef = 03230D382CA27A4600544858 /* Parameters.swift */; };
		03230D3C2CA27A6000544858 /* RequestBuilder.swift in Sources */ = {isa = PBXBuildFile; fileRef = 03230D3B2CA27A6000544858 /* RequestBuilder.swift */; };
		03230D3F2CA27A7B00544858 /* EmptyResponse.swift in Sources */ = {isa = PBXBuildFile; fileRef = 03230D3E2CA27A7B00544858 /* EmptyResponse.swift */; };
		03230D422CA27A9700544858 /* NetworkLogger.swift in Sources */ = {isa = PBXBuildFile; fileRef = 03230D412CA27A9700544858 /* NetworkLogger.swift */; };
		03230D452CA27AB000544858 /* LocalFileReader.swift in Sources */ = {isa = PBXBuildFile; fileRef = 03230D442CA27AB000544858 /* LocalFileReader.swift */; };
		03230D482CA27AD000544858 /* APIClient.swift in Sources */ = {isa = PBXBuildFile; fileRef = 03230D472CA27AD000544858 /* APIClient.swift */; };
		03230D4A2CA27AE100544858 /* HTTPClient.swift in Sources */ = {isa = PBXBuildFile; fileRef = 03230D492CA27AE100544858 /* HTTPClient.swift */; };
		03230D4D2CA27B0B00544858 /* APIRequest.swift in Sources */ = {isa = PBXBuildFile; fileRef = 03230D4C2CA27B0B00544858 /* APIRequest.swift */; };
		03230D512CA27C4500544858 /* places.json in Resources */ = {isa = PBXBuildFile; fileRef = 03230D502CA27C4500544858 /* places.json */; };
		03230D542CA27D3800544858 /* ExploreService.swift in Sources */ = {isa = PBXBuildFile; fileRef = 03230D532CA27D3800544858 /* ExploreService.swift */; };
		03A40D9D2CB4B7D1001527F5 /* FirebaseFirestore in Frameworks */ = {isa = PBXBuildFile; productRef = 03A40D9C2CB4B7D1001527F5 /* FirebaseFirestore */; };
		03A40DA02CB4B870001527F5 /* User.swift in Sources */ = {isa = PBXBuildFile; fileRef = 03A40D9F2CB4B870001527F5 /* User.swift */; };
		03A40DA42CB4B8E3001527F5 /* FirebaseFirestoreManager.swift in Sources */ = {isa = PBXBuildFile; fileRef = 03A40DA32CB4B8E3001527F5 /* FirebaseFirestoreManager.swift */; };
		03A40DA72CB4BA2C001527F5 /* FavoriteViewModel.swift in Sources */ = {isa = PBXBuildFile; fileRef = 03A40DA62CB4BA2C001527F5 /* FavoriteViewModel.swift */; };
		03B752B42CB0DCC2008364A2 /* FirebaseAuth in Frameworks */ = {isa = PBXBuildFile; productRef = 03B752B32CB0DCC2008364A2 /* FirebaseAuth */; };
		03B752B72CB0E738008364A2 /* GoogleSignIn in Frameworks */ = {isa = PBXBuildFile; productRef = 03B752B62CB0E738008364A2 /* GoogleSignIn */; };
		03B752B92CB0E738008364A2 /* GoogleSignInSwift in Frameworks */ = {isa = PBXBuildFile; productRef = 03B752B82CB0E738008364A2 /* GoogleSignInSwift */; };
		03B752BB2CB0E848008364A2 /* GoogleService-Info.plist in Resources */ = {isa = PBXBuildFile; fileRef = 03B752BA2CB0E848008364A2 /* GoogleService-Info.plist */; };
		03B752BE2CB0F173008364A2 /* FacebookCore in Frameworks */ = {isa = PBXBuildFile; productRef = 03B752BD2CB0F173008364A2 /* FacebookCore */; };
		03B752C02CB0F173008364A2 /* FacebookLogin in Frameworks */ = {isa = PBXBuildFile; productRef = 03B752BF2CB0F173008364A2 /* FacebookLogin */; };
		03B752C32CB0FFA1008364A2 /* FirebaseRemoteConfig in Frameworks */ = {isa = PBXBuildFile; productRef = 03B752C22CB0FFA1008364A2 /* FirebaseRemoteConfig */; };
		03B752C62CB0FFE7008364A2 /* RemoteConfigManager.swift in Sources */ = {isa = PBXBuildFile; fileRef = 03B752C52CB0FFE7008364A2 /* RemoteConfigManager.swift */; };
/* End PBXBuildFile section */

/* Begin PBXFileReference section */
		030803262C8FE0B4002DEFBD /* Airbnb-Clone-Bootcamp-FabioLopes.git.app */ = {isa = PBXFileReference; explicitFileType = wrapper.application; includeInIndex = 0; name = "Airbnb-Clone-Bootcamp-FabioLopes.git.app"; path = "/Users/fabio_cl/Airbnb-Clone-Bootcamp-FabioLopes/Airbnb-Clone-Bootcamp-FabioLopes.git/build/Debug-iphoneos/Airbnb-Clone-Bootcamp-FabioLopes.git.app"; sourceTree = "<absolute>"; };
		030803292C8FE0B4002DEFBD /* AppDelegate.swift */ = {isa = PBXFileReference; lastKnownFileType = sourcecode.swift; path = AppDelegate.swift; sourceTree = "<group>"; };
		0308032B2C8FE0B4002DEFBD /* SceneDelegate.swift */ = {isa = PBXFileReference; lastKnownFileType = sourcecode.swift; path = SceneDelegate.swift; sourceTree = "<group>"; };
		030803322C8FE0B6002DEFBD /* Assets.xcassets */ = {isa = PBXFileReference; lastKnownFileType = folder.assetcatalog; path = Assets.xcassets; sourceTree = "<group>"; };
		030803352C8FE0B6002DEFBD /* Base */ = {isa = PBXFileReference; lastKnownFileType = file.storyboard; name = Base; path = Base.lproj/LaunchScreen.storyboard; sourceTree = "<group>"; };
		030803372C8FE0B6002DEFBD /* Info.plist */ = {isa = PBXFileReference; lastKnownFileType = text.plist.xml; path = Info.plist; sourceTree = "<group>"; };
		030803472C8FE4EC002DEFBD /* category.json */ = {isa = PBXFileReference; fileEncoding = 4; lastKnownFileType = text.json; path = category.json; sourceTree = "<group>"; };
		0308034B2C8FE55C002DEFBD /* SearchBarView.swift */ = {isa = PBXFileReference; lastKnownFileType = sourcecode.swift; path = SearchBarView.swift; sourceTree = "<group>"; };
		0308034D2C8FE58E002DEFBD /* ProfileViewController.swift */ = {isa = PBXFileReference; lastKnownFileType = sourcecode.swift; path = ProfileViewController.swift; sourceTree = "<group>"; };
		030803502C8FE5AA002DEFBD /* ProfileScreen.swift */ = {isa = PBXFileReference; lastKnownFileType = sourcecode.swift; path = ProfileScreen.swift; sourceTree = "<group>"; };
		030803522C8FE5F6002DEFBD /* MessageViewController.swift */ = {isa = PBXFileReference; lastKnownFileType = sourcecode.swift; path = MessageViewController.swift; sourceTree = "<group>"; };
		030803552C8FE60D002DEFBD /* MessageScreen.swift */ = {isa = PBXFileReference; lastKnownFileType = sourcecode.swift; path = MessageScreen.swift; sourceTree = "<group>"; };
		030803572C8FE653002DEFBD /* TravelViewController.swift */ = {isa = PBXFileReference; lastKnownFileType = sourcecode.swift; path = TravelViewController.swift; sourceTree = "<group>"; };
		0308035A2C8FE668002DEFBD /* TravelScreen.swift */ = {isa = PBXFileReference; lastKnownFileType = sourcecode.swift; path = TravelScreen.swift; sourceTree = "<group>"; };
		0308035C2C8FE6BF002DEFBD /* FavoriteViewController.swift */ = {isa = PBXFileReference; lastKnownFileType = sourcecode.swift; path = FavoriteViewController.swift; sourceTree = "<group>"; };
		030803602C8FE6F5002DEFBD /* FavoriteScreen.swift */ = {isa = PBXFileReference; lastKnownFileType = sourcecode.swift; path = FavoriteScreen.swift; sourceTree = "<group>"; };
		030803622C8FE730002DEFBD /* MainTabBarController.swift */ = {isa = PBXFileReference; lastKnownFileType = sourcecode.swift; path = MainTabBarController.swift; sourceTree = "<group>"; };
		030803642C8FE78B002DEFBD /* ExploreViewModel.swift */ = {isa = PBXFileReference; lastKnownFileType = sourcecode.swift; path = ExploreViewModel.swift; sourceTree = "<group>"; };
		030803662C8FE79D002DEFBD /* ExploreViewController.swift */ = {isa = PBXFileReference; lastKnownFileType = sourcecode.swift; path = ExploreViewController.swift; sourceTree = "<group>"; };
		0308036B2C8FE7C9002DEFBD /* ExploreScreen.swift */ = {isa = PBXFileReference; lastKnownFileType = sourcecode.swift; path = ExploreScreen.swift; sourceTree = "<group>"; };
		0308036D2C8FE7EA002DEFBD /* CategoryImageCollectionViewCell.swift */ = {isa = PBXFileReference; lastKnownFileType = sourcecode.swift; path = CategoryImageCollectionViewCell.swift; sourceTree = "<group>"; };
		0308036F2C8FE7FE002DEFBD /* DestinationTableViewCell.swift */ = {isa = PBXFileReference; lastKnownFileType = sourcecode.swift; path = DestinationTableViewCell.swift; sourceTree = "<group>"; };
		030803712C8FE815002DEFBD /* CategoryCollectionViewCell.swift */ = {isa = PBXFileReference; lastKnownFileType = sourcecode.swift; path = CategoryCollectionViewCell.swift; sourceTree = "<group>"; };
		030803732C8FE830002DEFBD /* TravelCategory.swift */ = {isa = PBXFileReference; lastKnownFileType = sourcecode.swift; path = TravelCategory.swift; sourceTree = "<group>"; };
		030803752C8FE845002DEFBD /* PropertyDataModel.swift */ = {isa = PBXFileReference; lastKnownFileType = sourcecode.swift; path = PropertyDataModel.swift; sourceTree = "<group>"; };
		03230D272CA2797500544858 /* LoginViewController.swift */ = {isa = PBXFileReference; lastKnownFileType = sourcecode.swift; path = LoginViewController.swift; sourceTree = "<group>"; };
		03230D2B2CA2799F00544858 /* LoginViewModel.swift */ = {isa = PBXFileReference; lastKnownFileType = sourcecode.swift; path = LoginViewModel.swift; sourceTree = "<group>"; };
		03230D2D2CA279C000544858 /* RegisterButtonView.swift */ = {isa = PBXFileReference; lastKnownFileType = sourcecode.swift; path = RegisterButtonView.swift; sourceTree = "<group>"; };
		03230D2F2CA279D600544858 /* LoginScreen.swift */ = {isa = PBXFileReference; lastKnownFileType = sourcecode.swift; path = LoginScreen.swift; sourceTree = "<group>"; };
		03230D322CA27A0C00544858 /* NetworkError.swift */ = {isa = PBXFileReference; lastKnownFileType = sourcecode.swift; path = NetworkError.swift; sourceTree = "<group>"; };
		03230D352CA27A2A00544858 /* HTTPMethod.swift */ = {isa = PBXFileReference; lastKnownFileType = sourcecode.swift; path = HTTPMethod.swift; sourceTree = "<group>"; };
		03230D382CA27A4600544858 /* Parameters.swift */ = {isa = PBXFileReference; lastKnownFileType = sourcecode.swift; path = Parameters.swift; sourceTree = "<group>"; };
		03230D3B2CA27A6000544858 /* RequestBuilder.swift */ = {isa = PBXFileReference; lastKnownFileType = sourcecode.swift; path = RequestBuilder.swift; sourceTree = "<group>"; };
		03230D3E2CA27A7B00544858 /* EmptyResponse.swift */ = {isa = PBXFileReference; lastKnownFileType = sourcecode.swift; path = EmptyResponse.swift; sourceTree = "<group>"; };
		03230D412CA27A9700544858 /* NetworkLogger.swift */ = {isa = PBXFileReference; lastKnownFileType = sourcecode.swift; path = NetworkLogger.swift; sourceTree = "<group>"; };
		03230D442CA27AB000544858 /* LocalFileReader.swift */ = {isa = PBXFileReference; lastKnownFileType = sourcecode.swift; path = LocalFileReader.swift; sourceTree = "<group>"; };
		03230D472CA27AD000544858 /* APIClient.swift */ = {isa = PBXFileReference; lastKnownFileType = sourcecode.swift; path = APIClient.swift; sourceTree = "<group>"; };
		03230D492CA27AE100544858 /* HTTPClient.swift */ = {isa = PBXFileReference; lastKnownFileType = sourcecode.swift; path = HTTPClient.swift; sourceTree = "<group>"; };
		03230D4C2CA27B0B00544858 /* APIRequest.swift */ = {isa = PBXFileReference; lastKnownFileType = sourcecode.swift; path = APIRequest.swift; sourceTree = "<group>"; };
		03230D502CA27C4500544858 /* places.json */ = {isa = PBXFileReference; fileEncoding = 4; lastKnownFileType = text.json; path = places.json; sourceTree = "<group>"; };
		03230D532CA27D3800544858 /* ExploreService.swift */ = {isa = PBXFileReference; lastKnownFileType = sourcecode.swift; path = ExploreService.swift; sourceTree = "<group>"; };
		03A40D9F2CB4B870001527F5 /* User.swift */ = {isa = PBXFileReference; lastKnownFileType = sourcecode.swift; path = User.swift; sourceTree = "<group>"; };
		03A40DA32CB4B8E3001527F5 /* FirebaseFirestoreManager.swift */ = {isa = PBXFileReference; lastKnownFileType = sourcecode.swift; path = FirebaseFirestoreManager.swift; sourceTree = "<group>"; };
		03A40DA62CB4BA2C001527F5 /* FavoriteViewModel.swift */ = {isa = PBXFileReference; lastKnownFileType = sourcecode.swift; path = FavoriteViewModel.swift; sourceTree = "<group>"; };
		03B752BA2CB0E848008364A2 /* GoogleService-Info.plist */ = {isa = PBXFileReference; fileEncoding = 4; lastKnownFileType = text.plist.xml; path = "GoogleService-Info.plist"; sourceTree = "<group>"; };
		03B752C52CB0FFE7008364A2 /* RemoteConfigManager.swift */ = {isa = PBXFileReference; lastKnownFileType = sourcecode.swift; path = RemoteConfigManager.swift; sourceTree = "<group>"; };
/* End PBXFileReference section */

/* Begin PBXFrameworksBuildPhase section */
		030803232C8FE0B4002DEFBD /* Frameworks */ = {
			isa = PBXFrameworksBuildPhase;
			buildActionMask = 2147483647;
			files = (
				03B752C02CB0F173008364A2 /* FacebookLogin in Frameworks */,
				03B752B92CB0E738008364A2 /* GoogleSignInSwift in Frameworks */,
				03B752B42CB0DCC2008364A2 /* FirebaseAuth in Frameworks */,
				03B752C32CB0FFA1008364A2 /* FirebaseRemoteConfig in Frameworks */,
				03B752B72CB0E738008364A2 /* GoogleSignIn in Frameworks */,
				03B752BE2CB0F173008364A2 /* FacebookCore in Frameworks */,
				03A40D9D2CB4B7D1001527F5 /* FirebaseFirestore in Frameworks */,
			);
			runOnlyForDeploymentPostprocessing = 0;
		};
/* End PBXFrameworksBuildPhase section */

/* Begin PBXGroup section */
		0308031D2C8FE0B4002DEFBD = {
			isa = PBXGroup;
			children = (
				030803282C8FE0B4002DEFBD /* Airbnb-Clone-Bootcamp-FabioLopes.git */,
				03B752C12CB0FFA1008364A2 /* Frameworks */,
			);
			sourceTree = "<group>";
		};
		030803282C8FE0B4002DEFBD /* Airbnb-Clone-Bootcamp-FabioLopes.git */ = {
			isa = PBXGroup;
			children = (
				03A40D9E2CB4B85C001527F5 /* Model */,
				03A40DA12CB4B891001527F5 /* Firebase */,
				03230D262CA2794F00544858 /* Login */,
				03230D252CA278F800544858 /* Service */,
				030803452C8FE4B6002DEFBD /* Resource */,
				030803432C8FE472002DEFBD /* SearceBarView */,
				030803422C8FE46A002DEFBD /* Profile */,
				030803412C8FE461002DEFBD /* Message */,
				030803402C8FE459002DEFBD /* Travel */,
				0308033F2C8FE44C002DEFBD /* Favorite */,
				0308033E2C8FE3F6002DEFBD /* MainTabBarController */,
				0308033D2C8FE3EB002DEFBD /* Explore */,
				030803292C8FE0B4002DEFBD /* AppDelegate.swift */,
				0308032B2C8FE0B4002DEFBD /* SceneDelegate.swift */,
				030803322C8FE0B6002DEFBD /* Assets.xcassets */,
				030803342C8FE0B6002DEFBD /* LaunchScreen.storyboard */,
				030803372C8FE0B6002DEFBD /* Info.plist */,
				03B752BA2CB0E848008364A2 /* GoogleService-Info.plist */,
			);
			path = "Airbnb-Clone-Bootcamp-FabioLopes.git";
			sourceTree = "<group>";
		};
		0308033D2C8FE3EB002DEFBD /* Explore */ = {
			isa = PBXGroup;
			children = (
				03230D522CA27D2300544858 /* Service */,
				03230D552CA27D5200544858 /* ViewModel */,
				0308036A2C8FE7B4002DEFBD /* Model */,
				030803692C8FE7AC002DEFBD /* Cell */,
				030803682C8FE7A5002DEFBD /* Screen */,
				030803662C8FE79D002DEFBD /* ExploreViewController.swift */,
			);
			path = Explore;
			sourceTree = "<group>";
		};
		0308033E2C8FE3F6002DEFBD /* MainTabBarController */ = {
			isa = PBXGroup;
			children = (
				030803622C8FE730002DEFBD /* MainTabBarController.swift */,
			);
			path = MainTabBarController;
			sourceTree = "<group>";
		};
		0308033F2C8FE44C002DEFBD /* Favorite */ = {
			isa = PBXGroup;
			children = (
				03A40DA52CB4BA14001527F5 /* ViewModel */,
				0308035F2C8FE6CB002DEFBD /* Screen */,
				0308035C2C8FE6BF002DEFBD /* FavoriteViewController.swift */,
			);
			path = Favorite;
			sourceTree = "<group>";
		};
		030803402C8FE459002DEFBD /* Travel */ = {
			isa = PBXGroup;
			children = (
				030803592C8FE657002DEFBD /* Screen */,
				030803572C8FE653002DEFBD /* TravelViewController.swift */,
			);
			path = Travel;
			sourceTree = "<group>";
		};
		030803412C8FE461002DEFBD /* Message */ = {
			isa = PBXGroup;
			children = (
				030803542C8FE5FB002DEFBD /* Screen */,
				030803522C8FE5F6002DEFBD /* MessageViewController.swift */,
			);
			path = Message;
			sourceTree = "<group>";
		};
		030803422C8FE46A002DEFBD /* Profile */ = {
			isa = PBXGroup;
			children = (
				0308034F2C8FE593002DEFBD /* Screen */,
				0308034D2C8FE58E002DEFBD /* ProfileViewController.swift */,
			);
			path = Profile;
			sourceTree = "<group>";
		};
		030803432C8FE472002DEFBD /* SearceBarView */ = {
			isa = PBXGroup;
			children = (
				0308034B2C8FE55C002DEFBD /* SearchBarView.swift */,
			);
			path = SearceBarView;
			sourceTree = "<group>";
		};
		030803452C8FE4B6002DEFBD /* Resource */ = {
			isa = PBXGroup;
			children = (
				030803462C8FE4CE002DEFBD /* Json */,
			);
			path = Resource;
			sourceTree = "<group>";
		};
		030803462C8FE4CE002DEFBD /* Json */ = {
			isa = PBXGroup;
			children = (
				03230D502CA27C4500544858 /* places.json */,
				030803472C8FE4EC002DEFBD /* category.json */,
			);
			path = Json;
			sourceTree = "<group>";
		};
		0308034F2C8FE593002DEFBD /* Screen */ = {
			isa = PBXGroup;
			children = (
				030803502C8FE5AA002DEFBD /* ProfileScreen.swift */,
			);
			path = Screen;
			sourceTree = "<group>";
		};
		030803542C8FE5FB002DEFBD /* Screen */ = {
			isa = PBXGroup;
			children = (
				030803552C8FE60D002DEFBD /* MessageScreen.swift */,
			);
			path = Screen;
			sourceTree = "<group>";
		};
		030803592C8FE657002DEFBD /* Screen */ = {
			isa = PBXGroup;
			children = (
				0308035A2C8FE668002DEFBD /* TravelScreen.swift */,
			);
			path = Screen;
			sourceTree = "<group>";
		};
		0308035F2C8FE6CB002DEFBD /* Screen */ = {
			isa = PBXGroup;
			children = (
				030803602C8FE6F5002DEFBD /* FavoriteScreen.swift */,
			);
			path = Screen;
			sourceTree = "<group>";
		};
		030803682C8FE7A5002DEFBD /* Screen */ = {
			isa = PBXGroup;
			children = (
				0308036B2C8FE7C9002DEFBD /* ExploreScreen.swift */,
			);
			path = Screen;
			sourceTree = "<group>";
		};
		030803692C8FE7AC002DEFBD /* Cell */ = {
			isa = PBXGroup;
			children = (
				030803712C8FE815002DEFBD /* CategoryCollectionViewCell.swift */,
				0308036F2C8FE7FE002DEFBD /* DestinationTableViewCell.swift */,
				0308036D2C8FE7EA002DEFBD /* CategoryImageCollectionViewCell.swift */,
			);
			path = Cell;
			sourceTree = "<group>";
		};
		0308036A2C8FE7B4002DEFBD /* Model */ = {
			isa = PBXGroup;
			children = (
				030803732C8FE830002DEFBD /* TravelCategory.swift */,
				030803752C8FE845002DEFBD /* PropertyDataModel.swift */,
			);
			path = Model;
			sourceTree = "<group>";
		};
		03230D252CA278F800544858 /* Service */ = {
			isa = PBXGroup;
			children = (
				03230D4B2CA27AFA00544858 /* APIRequest */,
				03230D462CA27AC000544858 /* APIClient */,
				03230D432CA27AA500544858 /* LocalFileReader */,
				03230D402CA27A8900544858 /* NetworkLogger */,
				03230D3D2CA27A6500544858 /* EmptyResponse */,
				03230D3A2CA27A4C00544858 /* RequestBuilder */,
				03230D372CA27A3700544858 /* Parameters */,
				03230D342CA27A1C00544858 /* HTTPMethod */,
				03230D312CA279FC00544858 /* NetworkError */,
			);
			path = Service;
			sourceTree = "<group>";
		};
		03230D262CA2794F00544858 /* Login */ = {
			isa = PBXGroup;
			children = (
				03230D2A2CA2798200544858 /* ViewModel */,
				03230D292CA2797A00544858 /* Screen */,
				03230D272CA2797500544858 /* LoginViewController.swift */,
			);
			path = Login;
			sourceTree = "<group>";
		};
		03230D292CA2797A00544858 /* Screen */ = {
			isa = PBXGroup;
			children = (
				03230D2F2CA279D600544858 /* LoginScreen.swift */,
				03230D2D2CA279C000544858 /* RegisterButtonView.swift */,
			);
			path = Screen;
			sourceTree = "<group>";
		};
		03230D2A2CA2798200544858 /* ViewModel */ = {
			isa = PBXGroup;
			children = (
				03230D2B2CA2799F00544858 /* LoginViewModel.swift */,
			);
			path = ViewModel;
			sourceTree = "<group>";
		};
		03230D312CA279FC00544858 /* NetworkError */ = {
			isa = PBXGroup;
			children = (
				03230D322CA27A0C00544858 /* NetworkError.swift */,
			);
			path = NetworkError;
			sourceTree = "<group>";
		};
		03230D342CA27A1C00544858 /* HTTPMethod */ = {
			isa = PBXGroup;
			children = (
				03230D352CA27A2A00544858 /* HTTPMethod.swift */,
			);
			path = HTTPMethod;
			sourceTree = "<group>";
		};
		03230D372CA27A3700544858 /* Parameters */ = {
			isa = PBXGroup;
			children = (
				03230D382CA27A4600544858 /* Parameters.swift */,
			);
			path = Parameters;
			sourceTree = "<group>";
		};
		03230D3A2CA27A4C00544858 /* RequestBuilder */ = {
			isa = PBXGroup;
			children = (
				03230D3B2CA27A6000544858 /* RequestBuilder.swift */,
			);
			path = RequestBuilder;
			sourceTree = "<group>";
		};
		03230D3D2CA27A6500544858 /* EmptyResponse */ = {
			isa = PBXGroup;
			children = (
				03230D3E2CA27A7B00544858 /* EmptyResponse.swift */,
			);
			path = EmptyResponse;
			sourceTree = "<group>";
		};
		03230D402CA27A8900544858 /* NetworkLogger */ = {
			isa = PBXGroup;
			children = (
				03230D412CA27A9700544858 /* NetworkLogger.swift */,
			);
			path = NetworkLogger;
			sourceTree = "<group>";
		};
		03230D432CA27AA500544858 /* LocalFileReader */ = {
			isa = PBXGroup;
			children = (
				03230D442CA27AB000544858 /* LocalFileReader.swift */,
			);
			path = LocalFileReader;
			sourceTree = "<group>";
		};
		03230D462CA27AC000544858 /* APIClient */ = {
			isa = PBXGroup;
			children = (
				03230D492CA27AE100544858 /* HTTPClient.swift */,
				03230D472CA27AD000544858 /* APIClient.swift */,
			);
			path = APIClient;
			sourceTree = "<group>";
		};
		03230D4B2CA27AFA00544858 /* APIRequest */ = {
			isa = PBXGroup;
			children = (
				03230D4C2CA27B0B00544858 /* APIRequest.swift */,
			);
			path = APIRequest;
			sourceTree = "<group>";
		};
		03230D522CA27D2300544858 /* Service */ = {
			isa = PBXGroup;
			children = (
				03230D532CA27D3800544858 /* ExploreService.swift */,
			);
			path = Service;
			sourceTree = "<group>";
		};
		03230D552CA27D5200544858 /* ViewModel */ = {
			isa = PBXGroup;
			children = (
				030803642C8FE78B002DEFBD /* ExploreViewModel.swift */,
			);
			path = ViewModel;
			sourceTree = "<group>";
		};
		03A40D9E2CB4B85C001527F5 /* Model */ = {
			isa = PBXGroup;
			children = (
				03A40D9F2CB4B870001527F5 /* User.swift */,
			);
			path = Model;
			sourceTree = "<group>";
		};
		03A40DA12CB4B891001527F5 /* Firebase */ = {
			isa = PBXGroup;
			children = (
				03A40DA22CB4B8C0001527F5 /* FirebaseFirestore */,
				03B752C42CB0FFAE008364A2 /* RemoteConfigManager */,
			);
			path = Firebase;
			sourceTree = "<group>";
		};
		03A40DA22CB4B8C0001527F5 /* FirebaseFirestore */ = {
			isa = PBXGroup;
			children = (
				03A40DA32CB4B8E3001527F5 /* FirebaseFirestoreManager.swift */,
			);
			path = FirebaseFirestore;
			sourceTree = "<group>";
		};
		03A40DA52CB4BA14001527F5 /* ViewModel */ = {
			isa = PBXGroup;
			children = (
				03A40DA62CB4BA2C001527F5 /* FavoriteViewModel.swift */,
			);
			path = ViewModel;
			sourceTree = "<group>";
		};
		03B752C12CB0FFA1008364A2 /* Frameworks */ = {
			isa = PBXGroup;
			children = (
			);
			name = Frameworks;
			sourceTree = "<group>";
		};
		03B752C42CB0FFAE008364A2 /* RemoteConfigManager */ = {
			isa = PBXGroup;
			children = (
				03B752C52CB0FFE7008364A2 /* RemoteConfigManager.swift */,
			);
			path = RemoteConfigManager;
			sourceTree = "<group>";
		};
/* End PBXGroup section */

/* Begin PBXNativeTarget section */
		030803252C8FE0B4002DEFBD /* Airbnb-Clone-Bootcamp-FabioLopes.git */ = {
			isa = PBXNativeTarget;
			buildConfigurationList = 0308033A2C8FE0B6002DEFBD /* Build configuration list for PBXNativeTarget "Airbnb-Clone-Bootcamp-FabioLopes.git" */;
			buildPhases = (
				030803222C8FE0B4002DEFBD /* Sources */,
				030803232C8FE0B4002DEFBD /* Frameworks */,
				030803242C8FE0B4002DEFBD /* Resources */,
			);
			buildRules = (
			);
			dependencies = (
			);
			name = "Airbnb-Clone-Bootcamp-FabioLopes.git";
			packageProductDependencies = (
				03B752B32CB0DCC2008364A2 /* FirebaseAuth */,
				03B752B62CB0E738008364A2 /* GoogleSignIn */,
				03B752B82CB0E738008364A2 /* GoogleSignInSwift */,
				03B752BD2CB0F173008364A2 /* FacebookCore */,
				03B752BF2CB0F173008364A2 /* FacebookLogin */,
				03B752C22CB0FFA1008364A2 /* FirebaseRemoteConfig */,
				03A40D9C2CB4B7D1001527F5 /* FirebaseFirestore */,
			);
			productName = "Airbnb-Clone-Bootcamp-FabioLopes.git";
			productReference = 030803262C8FE0B4002DEFBD /* Airbnb-Clone-Bootcamp-FabioLopes.git.app */;
			productType = "com.apple.product-type.application";
		};
/* End PBXNativeTarget section */

/* Begin PBXProject section */
		0308031E2C8FE0B4002DEFBD /* Project object */ = {
			isa = PBXProject;
			attributes = {
				BuildIndependentTargetsInParallel = 1;
				LastSwiftUpdateCheck = 1540;
				LastUpgradeCheck = 1540;
				TargetAttributes = {
					030803252C8FE0B4002DEFBD = {
						CreatedOnToolsVersion = 15.4;
					};
				};
			};
			buildConfigurationList = 030803212C8FE0B4002DEFBD /* Build configuration list for PBXProject "Airbnb-Clone-Bootcamp-FabioLopes.git" */;
			compatibilityVersion = "Xcode 14.0";
			developmentRegion = en;
			hasScannedForEncodings = 0;
			knownRegions = (
				en,
				Base,
			);
			mainGroup = 0308031D2C8FE0B4002DEFBD;
			packageReferences = (
				03B752B22CB0DCC2008364A2 /* XCRemoteSwiftPackageReference "firebase-ios-sdk" */,
				03B752B52CB0E738008364A2 /* XCRemoteSwiftPackageReference "GoogleSignIn-iOS" */,
				03B752BC2CB0F172008364A2 /* XCRemoteSwiftPackageReference "facebook-ios-sdk" */,
			);
			productRefGroup = 0308031D2C8FE0B4002DEFBD;
			projectDirPath = "";
			projectRoot = "";
			targets = (
				030803252C8FE0B4002DEFBD /* Airbnb-Clone-Bootcamp-FabioLopes.git */,
			);
		};
/* End PBXProject section */

/* Begin PBXResourcesBuildPhase section */
		030803242C8FE0B4002DEFBD /* Resources */ = {
			isa = PBXResourcesBuildPhase;
			buildActionMask = 2147483647;
			files = (
				030803482C8FE4EC002DEFBD /* category.json in Resources */,
				03B752BB2CB0E848008364A2 /* GoogleService-Info.plist in Resources */,
				030803332C8FE0B6002DEFBD /* Assets.xcassets in Resources */,
				030803362C8FE0B6002DEFBD /* Base in Resources */,
				03230D512CA27C4500544858 /* places.json in Resources */,
			);
			runOnlyForDeploymentPostprocessing = 0;
		};
/* End PBXResourcesBuildPhase section */

/* Begin PBXSourcesBuildPhase section */
		030803222C8FE0B4002DEFBD /* Sources */ = {
			isa = PBXSourcesBuildPhase;
			buildActionMask = 2147483647;
			files = (
				03230D2C2CA2799F00544858 /* LoginViewModel.swift in Sources */,
				0308036E2C8FE7EA002DEFBD /* CategoryImageCollectionViewCell.swift in Sources */,
				03230D4A2CA27AE100544858 /* HTTPClient.swift in Sources */,
				030803562C8FE60D002DEFBD /* MessageScreen.swift in Sources */,
				030803612C8FE6F5002DEFBD /* FavoriteScreen.swift in Sources */,
				03230D302CA279D600544858 /* LoginScreen.swift in Sources */,
				03230D482CA27AD000544858 /* APIClient.swift in Sources */,
				03230D542CA27D3800544858 /* ExploreService.swift in Sources */,
				0308034E2C8FE58E002DEFBD /* ProfileViewController.swift in Sources */,
				03230D4D2CA27B0B00544858 /* APIRequest.swift in Sources */,
				030803762C8FE845002DEFBD /* PropertyDataModel.swift in Sources */,
				030803512C8FE5AA002DEFBD /* ProfileScreen.swift in Sources */,
				030803672C8FE79D002DEFBD /* ExploreViewController.swift in Sources */,
				03230D3C2CA27A6000544858 /* RequestBuilder.swift in Sources */,
				030803532C8FE5F6002DEFBD /* MessageViewController.swift in Sources */,
				030803582C8FE653002DEFBD /* TravelViewController.swift in Sources */,
				030803652C8FE78B002DEFBD /* ExploreViewModel.swift in Sources */,
				03230D282CA2797500544858 /* LoginViewController.swift in Sources */,
				03A40DA02CB4B870001527F5 /* User.swift in Sources */,
				03230D452CA27AB000544858 /* LocalFileReader.swift in Sources */,
				0308034C2C8FE55C002DEFBD /* SearchBarView.swift in Sources */,
				030803702C8FE7FE002DEFBD /* DestinationTableViewCell.swift in Sources */,
				03230D392CA27A4600544858 /* Parameters.swift in Sources */,
				03230D3F2CA27A7B00544858 /* EmptyResponse.swift in Sources */,
				0308032A2C8FE0B4002DEFBD /* AppDelegate.swift in Sources */,
				0308032C2C8FE0B4002DEFBD /* SceneDelegate.swift in Sources */,
				0308036C2C8FE7C9002DEFBD /* ExploreScreen.swift in Sources */,
				030803632C8FE730002DEFBD /* MainTabBarController.swift in Sources */,
				03230D422CA27A9700544858 /* NetworkLogger.swift in Sources */,
				030803722C8FE815002DEFBD /* CategoryCollectionViewCell.swift in Sources */,
				0308035D2C8FE6BF002DEFBD /* FavoriteViewController.swift in Sources */,
				0308035B2C8FE668002DEFBD /* TravelScreen.swift in Sources */,
				03230D362CA27A2A00544858 /* HTTPMethod.swift in Sources */,
				03230D332CA27A0C00544858 /* NetworkError.swift in Sources */,
				030803742C8FE830002DEFBD /* TravelCategory.swift in Sources */,
				03A40DA42CB4B8E3001527F5 /* FirebaseFirestoreManager.swift in Sources */,
				03B752C62CB0FFE7008364A2 /* RemoteConfigManager.swift in Sources */,
				03A40DA72CB4BA2C001527F5 /* FavoriteViewModel.swift in Sources */,
				03230D2E2CA279C000544858 /* RegisterButtonView.swift in Sources */,
			);
			runOnlyForDeploymentPostprocessing = 0;
		};
/* End PBXSourcesBuildPhase section */

/* Begin PBXVariantGroup section */
		030803342C8FE0B6002DEFBD /* LaunchScreen.storyboard */ = {
			isa = PBXVariantGroup;
			children = (
				030803352C8FE0B6002DEFBD /* Base */,
			);
			name = LaunchScreen.storyboard;
			sourceTree = "<group>";
		};
/* End PBXVariantGroup section */

/* Begin XCBuildConfiguration section */
		030803382C8FE0B6002DEFBD /* Debug */ = {
			isa = XCBuildConfiguration;
			buildSettings = {
				ALWAYS_SEARCH_USER_PATHS = NO;
				ASSETCATALOG_COMPILER_GENERATE_SWIFT_ASSET_SYMBOL_EXTENSIONS = YES;
				CLANG_ANALYZER_NONNULL = YES;
				CLANG_ANALYZER_NUMBER_OBJECT_CONVERSION = YES_AGGRESSIVE;
				CLANG_CXX_LANGUAGE_STANDARD = "gnu++20";
				CLANG_ENABLE_MODULES = YES;
				CLANG_ENABLE_OBJC_ARC = YES;
				CLANG_ENABLE_OBJC_WEAK = YES;
				CLANG_WARN_BLOCK_CAPTURE_AUTORELEASING = YES;
				CLANG_WARN_BOOL_CONVERSION = YES;
				CLANG_WARN_COMMA = YES;
				CLANG_WARN_CONSTANT_CONVERSION = YES;
				CLANG_WARN_DEPRECATED_OBJC_IMPLEMENTATIONS = YES;
				CLANG_WARN_DIRECT_OBJC_ISA_USAGE = YES_ERROR;
				CLANG_WARN_DOCUMENTATION_COMMENTS = YES;
				CLANG_WARN_EMPTY_BODY = YES;
				CLANG_WARN_ENUM_CONVERSION = YES;
				CLANG_WARN_INFINITE_RECURSION = YES;
				CLANG_WARN_INT_CONVERSION = YES;
				CLANG_WARN_NON_LITERAL_NULL_CONVERSION = YES;
				CLANG_WARN_OBJC_IMPLICIT_RETAIN_SELF = YES;
				CLANG_WARN_OBJC_LITERAL_CONVERSION = YES;
				CLANG_WARN_OBJC_ROOT_CLASS = YES_ERROR;
				CLANG_WARN_QUOTED_INCLUDE_IN_FRAMEWORK_HEADER = YES;
				CLANG_WARN_RANGE_LOOP_ANALYSIS = YES;
				CLANG_WARN_STRICT_PROTOTYPES = YES;
				CLANG_WARN_SUSPICIOUS_MOVE = YES;
				CLANG_WARN_UNGUARDED_AVAILABILITY = YES_AGGRESSIVE;
				CLANG_WARN_UNREACHABLE_CODE = YES;
				CLANG_WARN__DUPLICATE_METHOD_MATCH = YES;
				COPY_PHASE_STRIP = NO;
				DEBUG_INFORMATION_FORMAT = dwarf;
				ENABLE_STRICT_OBJC_MSGSEND = YES;
				ENABLE_TESTABILITY = YES;
				ENABLE_USER_SCRIPT_SANDBOXING = YES;
				GCC_C_LANGUAGE_STANDARD = gnu17;
				GCC_DYNAMIC_NO_PIC = NO;
				GCC_NO_COMMON_BLOCKS = YES;
				GCC_OPTIMIZATION_LEVEL = 0;
				GCC_PREPROCESSOR_DEFINITIONS = (
					"DEBUG=1",
					"$(inherited)",
				);
				GCC_WARN_64_TO_32_BIT_CONVERSION = YES;
				GCC_WARN_ABOUT_RETURN_TYPE = YES_ERROR;
				GCC_WARN_UNDECLARED_SELECTOR = YES;
				GCC_WARN_UNINITIALIZED_AUTOS = YES_AGGRESSIVE;
				GCC_WARN_UNUSED_FUNCTION = YES;
				GCC_WARN_UNUSED_VARIABLE = YES;
				IPHONEOS_DEPLOYMENT_TARGET = 17.5;
				LOCALIZATION_PREFERS_STRING_CATALOGS = YES;
				MTL_ENABLE_DEBUG_INFO = INCLUDE_SOURCE;
				MTL_FAST_MATH = YES;
				ONLY_ACTIVE_ARCH = YES;
				SDKROOT = iphoneos;
				SWIFT_ACTIVE_COMPILATION_CONDITIONS = "DEBUG $(inherited)";
				SWIFT_OPTIMIZATION_LEVEL = "-Onone";
			};
			name = Debug;
		};
		030803392C8FE0B6002DEFBD /* Release */ = {
			isa = XCBuildConfiguration;
			buildSettings = {
				ALWAYS_SEARCH_USER_PATHS = NO;
				ASSETCATALOG_COMPILER_GENERATE_SWIFT_ASSET_SYMBOL_EXTENSIONS = YES;
				CLANG_ANALYZER_NONNULL = YES;
				CLANG_ANALYZER_NUMBER_OBJECT_CONVERSION = YES_AGGRESSIVE;
				CLANG_CXX_LANGUAGE_STANDARD = "gnu++20";
				CLANG_ENABLE_MODULES = YES;
				CLANG_ENABLE_OBJC_ARC = YES;
				CLANG_ENABLE_OBJC_WEAK = YES;
				CLANG_WARN_BLOCK_CAPTURE_AUTORELEASING = YES;
				CLANG_WARN_BOOL_CONVERSION = YES;
				CLANG_WARN_COMMA = YES;
				CLANG_WARN_CONSTANT_CONVERSION = YES;
				CLANG_WARN_DEPRECATED_OBJC_IMPLEMENTATIONS = YES;
				CLANG_WARN_DIRECT_OBJC_ISA_USAGE = YES_ERROR;
				CLANG_WARN_DOCUMENTATION_COMMENTS = YES;
				CLANG_WARN_EMPTY_BODY = YES;
				CLANG_WARN_ENUM_CONVERSION = YES;
				CLANG_WARN_INFINITE_RECURSION = YES;
				CLANG_WARN_INT_CONVERSION = YES;
				CLANG_WARN_NON_LITERAL_NULL_CONVERSION = YES;
				CLANG_WARN_OBJC_IMPLICIT_RETAIN_SELF = YES;
				CLANG_WARN_OBJC_LITERAL_CONVERSION = YES;
				CLANG_WARN_OBJC_ROOT_CLASS = YES_ERROR;
				CLANG_WARN_QUOTED_INCLUDE_IN_FRAMEWORK_HEADER = YES;
				CLANG_WARN_RANGE_LOOP_ANALYSIS = YES;
				CLANG_WARN_STRICT_PROTOTYPES = YES;
				CLANG_WARN_SUSPICIOUS_MOVE = YES;
				CLANG_WARN_UNGUARDED_AVAILABILITY = YES_AGGRESSIVE;
				CLANG_WARN_UNREACHABLE_CODE = YES;
				CLANG_WARN__DUPLICATE_METHOD_MATCH = YES;
				COPY_PHASE_STRIP = NO;
				DEBUG_INFORMATION_FORMAT = "dwarf-with-dsym";
				ENABLE_NS_ASSERTIONS = NO;
				ENABLE_STRICT_OBJC_MSGSEND = YES;
				ENABLE_USER_SCRIPT_SANDBOXING = YES;
				GCC_C_LANGUAGE_STANDARD = gnu17;
				GCC_NO_COMMON_BLOCKS = YES;
				GCC_WARN_64_TO_32_BIT_CONVERSION = YES;
				GCC_WARN_ABOUT_RETURN_TYPE = YES_ERROR;
				GCC_WARN_UNDECLARED_SELECTOR = YES;
				GCC_WARN_UNINITIALIZED_AUTOS = YES_AGGRESSIVE;
				GCC_WARN_UNUSED_FUNCTION = YES;
				GCC_WARN_UNUSED_VARIABLE = YES;
				IPHONEOS_DEPLOYMENT_TARGET = 17.5;
				LOCALIZATION_PREFERS_STRING_CATALOGS = YES;
				MTL_ENABLE_DEBUG_INFO = NO;
				MTL_FAST_MATH = YES;
				SDKROOT = iphoneos;
				SWIFT_COMPILATION_MODE = wholemodule;
				VALIDATE_PRODUCT = YES;
			};
			name = Release;
		};
		0308033B2C8FE0B6002DEFBD /* Debug */ = {
			isa = XCBuildConfiguration;
			buildSettings = {
				ASSETCATALOG_COMPILER_APPICON_NAME = AppIcon;
				ASSETCATALOG_COMPILER_GLOBAL_ACCENT_COLOR_NAME = AccentColor;
				CODE_SIGN_STYLE = Automatic;
				CURRENT_PROJECT_VERSION = 1;
				GENERATE_INFOPLIST_FILE = YES;
				INFOPLIST_FILE = "Airbnb-Clone-Bootcamp-FabioLopes.git/Info.plist";
				INFOPLIST_KEY_UIApplicationSupportsIndirectInputEvents = YES;
				INFOPLIST_KEY_UILaunchStoryboardName = LaunchScreen;
				INFOPLIST_KEY_UIMainStoryboardFile = "";
				INFOPLIST_KEY_UISupportedInterfaceOrientations_iPad = "UIInterfaceOrientationPortrait UIInterfaceOrientationPortraitUpsideDown UIInterfaceOrientationLandscapeLeft UIInterfaceOrientationLandscapeRight";
				INFOPLIST_KEY_UISupportedInterfaceOrientations_iPhone = "UIInterfaceOrientationPortrait UIInterfaceOrientationLandscapeLeft UIInterfaceOrientationLandscapeRight";
				LD_RUNPATH_SEARCH_PATHS = (
					"$(inherited)",
					"@executable_path/Frameworks",
				);
				MARKETING_VERSION = 1.0;
				PRODUCT_BUNDLE_IDENTIFIER = "bootcampIOS.Airbnb-Clone-Bootcamp-FabioLopes-git";
				PRODUCT_NAME = "$(TARGET_NAME)";
				SUPPORTED_PLATFORMS = "iphoneos iphonesimulator";
				SUPPORTS_MACCATALYST = NO;
				SUPPORTS_MAC_DESIGNED_FOR_IPHONE_IPAD = NO;
				SUPPORTS_XR_DESIGNED_FOR_IPHONE_IPAD = NO;
				SWIFT_EMIT_LOC_STRINGS = YES;
				SWIFT_VERSION = 5.0;
				TARGETED_DEVICE_FAMILY = "1,2";
			};
			name = Debug;
		};
		0308033C2C8FE0B6002DEFBD /* Release */ = {
			isa = XCBuildConfiguration;
			buildSettings = {
				ASSETCATALOG_COMPILER_APPICON_NAME = AppIcon;
				ASSETCATALOG_COMPILER_GLOBAL_ACCENT_COLOR_NAME = AccentColor;
				CODE_SIGN_STYLE = Automatic;
				CURRENT_PROJECT_VERSION = 1;
				GENERATE_INFOPLIST_FILE = YES;
				INFOPLIST_FILE = "Airbnb-Clone-Bootcamp-FabioLopes.git/Info.plist";
				INFOPLIST_KEY_UIApplicationSupportsIndirectInputEvents = YES;
				INFOPLIST_KEY_UILaunchStoryboardName = LaunchScreen;
				INFOPLIST_KEY_UIMainStoryboardFile = "";
				INFOPLIST_KEY_UISupportedInterfaceOrientations_iPad = "UIInterfaceOrientationPortrait UIInterfaceOrientationPortraitUpsideDown UIInterfaceOrientationLandscapeLeft UIInterfaceOrientationLandscapeRight";
				INFOPLIST_KEY_UISupportedInterfaceOrientations_iPhone = "UIInterfaceOrientationPortrait UIInterfaceOrientationLandscapeLeft UIInterfaceOrientationLandscapeRight";
				LD_RUNPATH_SEARCH_PATHS = (
					"$(inherited)",
					"@executable_path/Frameworks",
				);
				MARKETING_VERSION = 1.0;
				PRODUCT_BUNDLE_IDENTIFIER = "bootcampIOS.Airbnb-Clone-Bootcamp-FabioLopes-git";
				PRODUCT_NAME = "$(TARGET_NAME)";
				SUPPORTED_PLATFORMS = "iphoneos iphonesimulator";
				SUPPORTS_MACCATALYST = NO;
				SUPPORTS_MAC_DESIGNED_FOR_IPHONE_IPAD = NO;
				SUPPORTS_XR_DESIGNED_FOR_IPHONE_IPAD = NO;
				SWIFT_EMIT_LOC_STRINGS = YES;
				SWIFT_VERSION = 5.0;
				TARGETED_DEVICE_FAMILY = "1,2";
			};
			name = Release;
		};
/* End XCBuildConfiguration section */

/* Begin XCConfigurationList section */
		030803212C8FE0B4002DEFBD /* Build configuration list for PBXProject "Airbnb-Clone-Bootcamp-FabioLopes.git" */ = {
			isa = XCConfigurationList;
			buildConfigurations = (
				030803382C8FE0B6002DEFBD /* Debug */,
				030803392C8FE0B6002DEFBD /* Release */,
			);
			defaultConfigurationIsVisible = 0;
			defaultConfigurationName = Release;
		};
		0308033A2C8FE0B6002DEFBD /* Build configuration list for PBXNativeTarget "Airbnb-Clone-Bootcamp-FabioLopes.git" */ = {
			isa = XCConfigurationList;
			buildConfigurations = (
				0308033B2C8FE0B6002DEFBD /* Debug */,
				0308033C2C8FE0B6002DEFBD /* Release */,
			);
			defaultConfigurationIsVisible = 0;
			defaultConfigurationName = Release;
		};
/* End XCConfigurationList section */

/* Begin XCRemoteSwiftPackageReference section */
		03B752B22CB0DCC2008364A2 /* XCRemoteSwiftPackageReference "firebase-ios-sdk" */ = {
			isa = XCRemoteSwiftPackageReference;
			repositoryURL = "https://github.com/firebase/firebase-ios-sdk";
			requirement = {
				kind = upToNextMajorVersion;
				minimumVersion = 11.3.0;
			};
		};
		03B752B52CB0E738008364A2 /* XCRemoteSwiftPackageReference "GoogleSignIn-iOS" */ = {
			isa = XCRemoteSwiftPackageReference;
			repositoryURL = "https://github.com/google/GoogleSignIn-iOS";
			requirement = {
				kind = upToNextMajorVersion;
				minimumVersion = 8.0.0;
			};
		};
		03B752BC2CB0F172008364A2 /* XCRemoteSwiftPackageReference "facebook-ios-sdk" */ = {
			isa = XCRemoteSwiftPackageReference;
			repositoryURL = "https://github.com/facebook/facebook-ios-sdk.git";
			requirement = {
				kind = upToNextMajorVersion;
				minimumVersion = 14.1.0;
			};
		};
/* End XCRemoteSwiftPackageReference section */

/* Begin XCSwiftPackageProductDependency section */
		03A40D9C2CB4B7D1001527F5 /* FirebaseFirestore */ = {
			isa = XCSwiftPackageProductDependency;
			package = 03B752B22CB0DCC2008364A2 /* XCRemoteSwiftPackageReference "firebase-ios-sdk" */;
			productName = FirebaseFirestore;
		};
		03B752B32CB0DCC2008364A2 /* FirebaseAuth */ = {
			isa = XCSwiftPackageProductDependency;
			package = 03B752B22CB0DCC2008364A2 /* XCRemoteSwiftPackageReference "firebase-ios-sdk" */;
			productName = FirebaseAuth;
		};
		03B752B62CB0E738008364A2 /* GoogleSignIn */ = {
			isa = XCSwiftPackageProductDependency;
			package = 03B752B52CB0E738008364A2 /* XCRemoteSwiftPackageReference "GoogleSignIn-iOS" */;
			productName = GoogleSignIn;
		};
		03B752B82CB0E738008364A2 /* GoogleSignInSwift */ = {
			isa = XCSwiftPackageProductDependency;
			package = 03B752B52CB0E738008364A2 /* XCRemoteSwiftPackageReference "GoogleSignIn-iOS" */;
			productName = GoogleSignInSwift;
		};
		03B752BD2CB0F173008364A2 /* FacebookCore */ = {
			isa = XCSwiftPackageProductDependency;
			package = 03B752BC2CB0F172008364A2 /* XCRemoteSwiftPackageReference "facebook-ios-sdk" */;
			productName = FacebookCore;
		};
		03B752BF2CB0F173008364A2 /* FacebookLogin */ = {
			isa = XCSwiftPackageProductDependency;
			package = 03B752BC2CB0F172008364A2 /* XCRemoteSwiftPackageReference "facebook-ios-sdk" */;
			productName = FacebookLogin;
		};
		03B752C22CB0FFA1008364A2 /* FirebaseRemoteConfig */ = {
			isa = XCSwiftPackageProductDependency;
			package = 03B752B22CB0DCC2008364A2 /* XCRemoteSwiftPackageReference "firebase-ios-sdk" */;
			productName = FirebaseRemoteConfig;
		};
/* End XCSwiftPackageProductDependency section */
	};
	rootObject = 0308031E2C8FE0B4002DEFBD /* Project object */;
}
